// !$*UTF8*$!
{
	archiveVersion = 1;
	classes = {
	};
	objectVersion = 46;
	objects = {

/* Begin PBXBuildFile section */
		1A8A9CAD1A5054EF00C4768C /* main.m in Sources */ = {isa = PBXBuildFile; fileRef = 1A8A9CAC1A5054EF00C4768C /* main.m */; };
		1A8A9CB01A5054EF00C4768C /* AppDelegate.m in Sources */ = {isa = PBXBuildFile; fileRef = 1A8A9CAF1A5054EF00C4768C /* AppDelegate.m */; };
		1A8A9CB31A5054EF00C4768C /* FirstViewController.m in Sources */ = {isa = PBXBuildFile; fileRef = 1A8A9CB21A5054EF00C4768C /* FirstViewController.m */; };
		1A8A9CB61A5054EF00C4768C /* SecondViewController.m in Sources */ = {isa = PBXBuildFile; fileRef = 1A8A9CB51A5054EF00C4768C /* SecondViewController.m */; };
		1A8A9CB91A5054EF00C4768C /* Main.storyboard in Resources */ = {isa = PBXBuildFile; fileRef = 1A8A9CB71A5054EF00C4768C /* Main.storyboard */; };
		1A8A9CBB1A5054EF00C4768C /* Images.xcassets in Resources */ = {isa = PBXBuildFile; fileRef = 1A8A9CBA1A5054EF00C4768C /* Images.xcassets */; };
		1A8A9CBE1A5054EF00C4768C /* LaunchScreen.xib in Resources */ = {isa = PBXBuildFile; fileRef = 1A8A9CBC1A5054EF00C4768C /* LaunchScreen.xib */; };
		1A8A9CCA1A5054EF00C4768C /* TabDelegateTestTests.m in Sources */ = {isa = PBXBuildFile; fileRef = 1A8A9CC91A5054EF00C4768C /* TabDelegateTestTests.m */; };
/* End PBXBuildFile section */

/* Begin PBXContainerItemProxy section */
		1A8A9CC41A5054EF00C4768C /* PBXContainerItemProxy */ = {
			isa = PBXContainerItemProxy;
			containerPortal = 1A8A9C9F1A5054EF00C4768C /* Project object */;
			proxyType = 1;
			remoteGlobalIDString = 1A8A9CA61A5054EF00C4768C;
			remoteInfo = TabDelegateTest;
		};
/* End PBXContainerItemProxy section */

/* Begin PBXFileReference section */
		1A8A9CA71A5054EF00C4768C /* TabDelegateTest.app */ = {isa = PBXFileReference; explicitFileType = wrapper.application; includeInIndex = 0; path = TabDelegateTest.app; sourceTree = BUILT_PRODUCTS_DIR; };
		1A8A9CAB1A5054EF00C4768C /* Info.plist */ = {isa = PBXFileReference; lastKnownFileType = text.plist.xml; path = Info.plist; sourceTree = "<group>"; };
		1A8A9CAC1A5054EF00C4768C /* main.m */ = {isa = PBXFileReference; lastKnownFileType = sourcecode.c.objc; path = main.m; sourceTree = "<group>"; };
		1A8A9CAE1A5054EF00C4768C /* AppDelegate.h */ = {isa = PBXFileReference; lastKnownFileType = sourcecode.c.h; path = AppDelegate.h; sourceTree = "<group>"; };
		1A8A9CAF1A5054EF00C4768C /* AppDelegate.m */ = {isa = PBXFileReference; lastKnownFileType = sourcecode.c.objc; path = AppDelegate.m; sourceTree = "<group>"; };
		1A8A9CB11A5054EF00C4768C /* FirstViewController.h */ = {isa = PBXFileReference; lastKnownFileType = sourcecode.c.h; path = FirstViewController.h; sourceTree = "<group>"; };
		1A8A9CB21A5054EF00C4768C /* FirstViewController.m */ = {isa = PBXFileReference; lastKnownFileType = sourcecode.c.objc; path = FirstViewController.m; sourceTree = "<group>"; };
		1A8A9CB41A5054EF00C4768C /* SecondViewController.h */ = {isa = PBXFileReference; lastKnownFileType = sourcecode.c.h; path = SecondViewController.h; sourceTree = "<group>"; };
		1A8A9CB51A5054EF00C4768C /* SecondViewController.m */ = {isa = PBXFileReference; lastKnownFileType = sourcecode.c.objc; path = SecondViewController.m; sourceTree = "<group>"; };
		1A8A9CB81A5054EF00C4768C /* Base */ = {isa = PBXFileReference; lastKnownFileType = file.storyboard; name = Base; path = Base.lproj/Main.storyboard; sourceTree = "<group>"; };
		1A8A9CBA1A5054EF00C4768C /* Images.xcassets */ = {isa = PBXFileReference; lastKnownFileType = folder.assetcatalog; path = Images.xcassets; sourceTree = "<group>"; };
		1A8A9CBD1A5054EF00C4768C /* Base */ = {isa = PBXFileReference; lastKnownFileType = file.xib; name = Base; path = Base.lproj/LaunchScreen.xib; sourceTree = "<group>"; };
		1A8A9CC31A5054EF00C4768C /* TabDelegateTestTests.xctest */ = {isa = PBXFileReference; explicitFileType = wrapper.cfbundle; includeInIndex = 0; path = TabDelegateTestTests.xctest; sourceTree = BUILT_PRODUCTS_DIR; };
		1A8A9CC81A5054EF00C4768C /* Info.plist */ = {isa = PBXFileReference; lastKnownFileType = text.plist.xml; path = Info.plist; sourceTree = "<group>"; };
		1A8A9CC91A5054EF00C4768C /* TabDelegateTestTests.m */ = {isa = PBXFileReference; lastKnownFileType = sourcecode.c.objc; path = TabDelegateTestTests.m; sourceTree = "<group>"; };
/* End PBXFileReference section */

/* Begin PBXFrameworksBuildPhase section */
		1A8A9CA41A5054EF00C4768C /* Frameworks */ = {
			isa = PBXFrameworksBuildPhase;
			buildActionMask = 2147483647;
			files = (
			);
			runOnlyForDeploymentPostprocessing = 0;
		};
		1A8A9CC01A5054EF00C4768C /* Frameworks */ = {
			isa = PBXFrameworksBuildPhase;
			buildActionMask = 2147483647;
			files = (
			);
			runOnlyForDeploymentPostprocessing = 0;
		};
/* End PBXFrameworksBuildPhase section */

/* Begin PBXGroup section */
		1A8A9C9E1A5054EF00C4768C = {
			isa = PBXGroup;
			children = (
				1A8A9CA91A5054EF00C4768C /* TabDelegateTest */,
				1A8A9CC61A5054EF00C4768C /* TabDelegateTestTests */,
				1A8A9CA81A5054EF00C4768C /* Products */,
			);
			sourceTree = "<group>";
		};
		1A8A9CA81A5054EF00C4768C /* Products */ = {
			isa = PBXGroup;
			children = (
				1A8A9CA71A5054EF00C4768C /* TabDelegateTest.app */,
				1A8A9CC31A5054EF00C4768C /* TabDelegateTestTests.xctest */,
			);
			name = Products;
			sourceTree = "<group>";
		};
		1A8A9CA91A5054EF00C4768C /* TabDelegateTest */ = {
			isa = PBXGroup;
			children = (
				1A8A9CAE1A5054EF00C4768C /* AppDelegate.h */,
				1A8A9CAF1A5054EF00C4768C /* AppDelegate.m */,
				1A8A9CB11A5054EF00C4768C /* FirstViewController.h */,
				1A8A9CB21A5054EF00C4768C /* FirstViewController.m */,
				1A8A9CB41A5054EF00C4768C /* SecondViewController.h */,
				1A8A9CB51A5054EF00C4768C /* SecondViewController.m */,
				1A8A9CB71A5054EF00C4768C /* Main.storyboard */,
				1A8A9CBA1A5054EF00C4768C /* Images.xcassets */,
				1A8A9CBC1A5054EF00C4768C /* LaunchScreen.xib */,
				1A8A9CAA1A5054EF00C4768C /* Supporting Files */,
			);
			path = TabDelegateTest;
			sourceTree = "<group>";
		};
		1A8A9CAA1A5054EF00C4768C /* Supporting Files */ = {
			isa = PBXGroup;
			children = (
				1A8A9CAB1A5054EF00C4768C /* Info.plist */,
				1A8A9CAC1A5054EF00C4768C /* main.m */,
			);
			name = "Supporting Files";
			sourceTree = "<group>";
		};
		1A8A9CC61A5054EF00C4768C /* TabDelegateTestTests */ = {
			isa = PBXGroup;
			children = (
				1A8A9CC91A5054EF00C4768C /* TabDelegateTestTests.m */,
				1A8A9CC71A5054EF00C4768C /* Supporting Files */,
			);
			path = TabDelegateTestTests;
			sourceTree = "<group>";
		};
		1A8A9CC71A5054EF00C4768C /* Supporting Files */ = {
			isa = PBXGroup;
			children = (
				1A8A9CC81A5054EF00C4768C /* Info.plist */,
			);
			name = "Supporting Files";
			sourceTree = "<group>";
		};
/* End PBXGroup section */

/* Begin PBXNativeTarget section */
		1A8A9CA61A5054EF00C4768C /* TabDelegateTest */ = {
			isa = PBXNativeTarget;
			buildConfigurationList = 1A8A9CCD1A5054EF00C4768C /* Build configuration list for PBXNativeTarget "TabDelegateTest" */;
			buildPhases = (
				1A8A9CA31A5054EF00C4768C /* Sources */,
				1A8A9CA41A5054EF00C4768C /* Frameworks */,
				1A8A9CA51A5054EF00C4768C /* Resources */,
			);
			buildRules = (
			);
			dependencies = (
			);
			name = TabDelegateTest;
			productName = TabDelegateTest;
			productReference = 1A8A9CA71A5054EF00C4768C /* TabDelegateTest.app */;
			productType = "com.apple.product-type.application";
		};
		1A8A9CC21A5054EF00C4768C /* TabDelegateTestTests */ = {
			isa = PBXNativeTarget;
			buildConfigurationList = 1A8A9CD01A5054EF00C4768C /* Build configuration list for PBXNativeTarget "TabDelegateTestTests" */;
			buildPhases = (
				1A8A9CBF1A5054EF00C4768C /* Sources */,
				1A8A9CC01A5054EF00C4768C /* Frameworks */,
				1A8A9CC11A5054EF00C4768C /* Resources */,
			);
			buildRules = (
			);
			dependencies = (
				1A8A9CC51A5054EF00C4768C /* PBXTargetDependency */,
			);
			name = TabDelegateTestTests;
			productName = TabDelegateTestTests;
			productReference = 1A8A9CC31A5054EF00C4768C /* TabDelegateTestTests.xctest */;
			productType = "com.apple.product-type.bundle.unit-test";
		};
/* End PBXNativeTarget section */

/* Begin PBXProject section */
		1A8A9C9F1A5054EF00C4768C /* Project object */ = {
			isa = PBXProject;
			attributes = {
				LastUpgradeCheck = 0610;
				ORGANIZATIONNAME = "Yurim Jin";
				TargetAttributes = {
					1A8A9CA61A5054EF00C4768C = {
						CreatedOnToolsVersion = 6.1.1;
					};
					1A8A9CC21A5054EF00C4768C = {
						CreatedOnToolsVersion = 6.1.1;
						TestTargetID = 1A8A9CA61A5054EF00C4768C;
					};
				};
			};
			buildConfigurationList = 1A8A9CA21A5054EF00C4768C /* Build configuration list for PBXProject "TabDelegateTest" */;
			compatibilityVersion = "Xcode 3.2";
			developmentRegion = English;
			hasScannedForEncodings = 0;
			knownRegions = (
				en,
				Base,
			);
			mainGroup = 1A8A9C9E1A5054EF00C4768C;
			productRefGroup = 1A8A9CA81A5054EF00C4768C /* Products */;
			projectDirPath = "";
			projectRoot = "";
			targets = (
				1A8A9CA61A5054EF00C4768C /* TabDelegateTest */,
				1A8A9CC21A5054EF00C4768C /* TabDelegateTestTests */,
			);
		};
/* End PBXProject section */

/* Begin PBXResourcesBuildPhase section */
		1A8A9CA51A5054EF00C4768C /* Resources */ = {
			isa = PBXResourcesBuildPhase;
			buildActionMask = 2147483647;
			files = (
				1A8A9CB91A5054EF00C4768C /* Main.storyboard in Resources */,
				1A8A9CBE1A5054EF00C4768C /* LaunchScreen.xib in Resources */,
				1A8A9CBB1A5054EF00C4768C /* Images.xcassets in Resources */,
			);
			runOnlyForDeploymentPostprocessing = 0;
		};
		1A8A9CC11A5054EF00C4768C /* Resources */ = {
			isa = PBXResourcesBuildPhase;
			buildActionMask = 2147483647;
			files = (
			);
			runOnlyForDeploymentPostprocessing = 0;
		};
/* End PBXResourcesBuildPhase section */

/* Begin PBXSourcesBuildPhase section */
		1A8A9CA31A5054EF00C4768C /* Sources */ = {
			isa = PBXSourcesBuildPhase;
			buildActionMask = 2147483647;
			files = (
				1A8A9CB61A5054EF00C4768C /* SecondViewController.m in Sources */,
				1A8A9CB01A5054EF00C4768C /* AppDelegate.m in Sources */,
				1A8A9CB31A5054EF00C4768C /* FirstViewController.m in Sources */,
				1A8A9CAD1A5054EF00C4768C /* main.m in Sources */,
			);
			runOnlyForDeploymentPostprocessing = 0;
		};
		1A8A9CBF1A5054EF00C4768C /* Sources */ = {
			isa = PBXSourcesBuildPhase;
			buildActionMask = 2147483647;
			files = (
				1A8A9CCA1A5054EF00C4768C /* TabDelegateTestTests.m in Sources */,
			);
			runOnlyForDeploymentPostprocessing = 0;
		};
/* End PBXSourcesBuildPhase section */

/* Begin PBXTargetDependency section */
		1A8A9CC51A5054EF00C4768C /* PBXTargetDependency */ = {
			isa = PBXTargetDependency;
			target = 1A8A9CA61A5054EF00C4768C /* TabDelegateTest */;
			targetProxy = 1A8A9CC41A5054EF00C4768C /* PBXContainerItemProxy */;
		};
/* End PBXTargetDependency section */

/* Begin PBXVariantGroup section */
		1A8A9CB71A5054EF00C4768C /* Main.storyboard */ = {
			isa = PBXVariantGroup;
			children = (
				1A8A9CB81A5054EF00C4768C /* Base */,
			);
			name = Main.storyboard;
			sourceTree = "<group>";
		};
		1A8A9CBC1A5054EF00C4768C /* LaunchScreen.xib */ = {
			isa = PBXVariantGroup;
			children = (
				1A8A9CBD1A5054EF00C4768C /* Base */,
			);
			name = LaunchScreen.xib;
			sourceTree = "<group>";
		};
/* End PBXVariantGroup section */

/* Begin XCBuildConfiguration section */
		1A8A9CCB1A5054EF00C4768C /* Debug */ = {
			isa = XCBuildConfiguration;
			buildSettings = {
				ALWAYS_SEARCH_USER_PATHS = NO;
				CLANG_CXX_LANGUAGE_STANDARD = "gnu++0x";
				CLANG_CXX_LIBRARY = "libc++";
				CLANG_ENABLE_MODULES = YES;
				CLANG_ENABLE_OBJC_ARC = YES;
				CLANG_WARN_BOOL_CONVERSION = YES;
				CLANG_WARN_CONSTANT_CONVERSION = YES;
				CLANG_WARN_DIRECT_OBJC_ISA_USAGE = YES_ERROR;
				CLANG_WARN_EMPTY_BODY = YES;
				CLANG_WARN_ENUM_CONVERSION = YES;
				CLANG_WARN_INT_CONVERSION = YES;
				CLANG_WARN_OBJC_ROOT_CLASS = YES_ERROR;
				CLANG_WARN_UNREACHABLE_CODE = YES;
				CLANG_WARN__DUPLICATE_METHOD_MATCH = YES;
				"CODE_SIGN_IDENTITY[sdk=iphoneos*]" = "iPhone Developer";
				COPY_PHASE_STRIP = NO;
				ENABLE_STRICT_OBJC_MSGSEND = YES;
				GCC_C_LANGUAGE_STANDARD = gnu99;
				GCC_DYNAMIC_NO_PIC = NO;
				GCC_OPTIMIZATION_LEVEL = 0;
				GCC_PREPROCESSOR_DEFINITIONS = (
					"DEBUG=1",
					"$(inherited)",
				);
				GCC_SYMBOLS_PRIVATE_EXTERN = NO;
				GCC_WARN_64_TO_32_BIT_CONVERSION = YES;
				GCC_WARN_ABOUT_RETURN_TYPE = YES_ERROR;
				GCC_WARN_UNDECLARED_SELECTOR = YES;
				GCC_WARN_UNINITIALIZED_AUTOS = YES_AGGRESSIVE;
				GCC_WARN_UNUSED_FUNCTION = YES;
				GCC_WARN_UNUSED_VARIABLE = YES;
				IPHONEOS_DEPLOYMENT_TARGET = 8.1;
				MTL_ENABLE_DEBUG_INFO = YES;
				ONLY_ACTIVE_ARCH = YES;
				SDKROOT = iphoneos;
			};
			name = Debug;
		};
		1A8A9CCC1A5054EF00C4768C /* Release */ = {
			isa = XCBuildConfiguration;
			buildSettings = {
				ALWAYS_SEARCH_USER_PATHS = NO;
				CLANG_CXX_LANGUAGE_STANDARD = "gnu++0x";
				CLANG_CXX_LIBRARY = "libc++";
				CLANG_ENABLE_MODULES = YES;
				CLANG_ENABLE_OBJC_ARC = YES;
				CLANG_WARN_BOOL_CONVERSION = YES;
				CLANG_WARN_CONSTANT_CONVERSION = YES;
				CLANG_WARN_DIRECT_OBJC_ISA_USAGE = YES_ERROR;
				CLANG_WARN_EMPTY_BODY = YES;
				CLANG_WARN_ENUM_CONVERSION = YES;
				CLANG_WARN_INT_CONVERSION = YES;
				CLANG_WARN_OBJC_ROOT_CLASS = YES_ERROR;
				CLANG_WARN_UNREACHABLE_CODE = YES;
				CLANG_WARN__DUPLICATE_METHOD_MATCH = YES;
				"CODE_SIGN_IDENTITY[sdk=iphoneos*]" = "iPhone Developer";
				COPY_PHASE_STRIP = YES;
				ENABLE_NS_ASSERTIONS = NO;
				ENABLE_STRICT_OBJC_MSGSEND = YES;
				GCC_C_LANGUAGE_STANDARD = gnu99;
				GCC_WARN_64_TO_32_BIT_CONVERSION = YES;
				GCC_WARN_ABOUT_RETURN_TYPE = YES_ERROR;
				GCC_WARN_UNDECLARED_SELECTOR = YES;
				GCC_WARN_UNINITIALIZED_AUTOS = YES_AGGRESSIVE;
				GCC_WARN_UNUSED_FUNCTION = YES;
				GCC_WARN_UNUSED_VARIABLE = YES;
				IPHONEOS_DEPLOYMENT_TARGET = 8.1;
				MTL_ENABLE_DEBUG_INFO = NO;
				SDKROOT = iphoneos;
				VALIDATE_PRODUCT = YES;
			};
			name = Release;
		};
		1A8A9CCE1A5054EF00C4768C /* Debug */ = {
			isa = XCBuildConfiguration;
			buildSettings = {
				ASSETCATALOG_COMPILER_APPICON_NAME = AppIcon;
				INFOPLIST_FILE = TabDelegateTest/Info.plist;
				LD_RUNPATH_SEARCH_PATHS = "$(inherited) @executable_path/Frameworks";
				PRODUCT_NAME = "$(TARGET_NAME)";
			};
			name = Debug;
		};
		1A8A9CCF1A5054EF00C4768C /* Release */ = {
			isa = XCBuildConfiguration;
			buildSettings = {
				ASSETCATALOG_COMPILER_APPICON_NAME = AppIcon;
				INFOPLIST_FILE = TabDelegateTest/Info.plist;
				LD_RUNPATH_SEARCH_PATHS = "$(inherited) @executable_path/Frameworks";
				PRODUCT_NAME = "$(TARGET_NAME)";
			};
			name = Release;
		};
		1A8A9CD11A5054EF00C4768C /* Debug */ = {
			isa = XCBuildConfiguration;
			buildSettings = {
				BUNDLE_LOADER = "$(TEST_HOST)";
				FRAMEWORK_SEARCH_PATHS = (
					"$(SDKROOT)/Developer/Library/Frameworks",
					"$(inherited)",
				);
				GCC_PREPROCESSOR_DEFINITIONS = (
					"DEBUG=1",
					"$(inherited)",
				);
				INFOPLIST_FILE = TabDelegateTestTests/Info.plist;
				LD_RUNPATH_SEARCH_PATHS = "$(inherited) @executable_path/Frameworks @loader_path/Frameworks";
				PRODUCT_NAME = "$(TARGET_NAME)";
				TEST_HOST = "$(BUILT_PRODUCTS_DIR)/TabDelegateTest.app/TabDelegateTest";
			};
			name = Debug;
		};
		1A8A9CD21A5054EF00C4768C /* Release */ = {
			isa = XCBuildConfiguration;
			buildSettings = {
				BUNDLE_LOADER = "$(TEST_HOST)";
				FRAMEWORK_SEARCH_PATHS = (
					"$(SDKROOT)/Developer/Library/Frameworks",
					"$(inherited)",
				);
				INFOPLIST_FILE = TabDelegateTestTests/Info.plist;
				LD_RUNPATH_SEARCH_PATHS = "$(inherited) @executable_path/Frameworks @loader_path/Frameworks";
				PRODUCT_NAME = "$(TARGET_NAME)";
				TEST_HOST = "$(BUILT_PRODUCTS_DIR)/TabDelegateTest.app/TabDelegateTest";
			};
			name = Release;
		};
/* End XCBuildConfiguration section */

/* Begin XCConfigurationList section */
		1A8A9CA21A5054EF00C4768C /* Build configuration list for PBXProject "TabDelegateTest" */ = {
			isa = XCConfigurationList;
			buildConfigurations = (
				1A8A9CCB1A5054EF00C4768C /* Debug */,
				1A8A9CCC1A5054EF00C4768C /* Release */,
			);
			defaultConfigurationIsVisible = 0;
			defaultConfigurationName = Release;
		};
		1A8A9CCD1A5054EF00C4768C /* Build configuration list for PBXNativeTarget "TabDelegateTest" */ = {
			isa = XCConfigurationList;
			buildConfigurations = (
				1A8A9CCE1A5054EF00C4768C /* Debug */,
				1A8A9CCF1A5054EF00C4768C /* Release */,
			);
			defaultConfigurationIsVisible = 0;
		};
		1A8A9CD01A5054EF00C4768C /* Build configuration list for PBXNativeTarget "TabDelegateTestTests" */ = {
			isa = XCConfigurationList;
			buildConfigurations = (
				1A8A9CD11A5054EF00C4768C /* Debug */,
				1A8A9CD21A5054EF00C4768C /* Release */,
			);
			defaultConfigurationIsVisible = 0;
		};
/* End XCConfigurationList section */
	};
	rootObject = 1A8A9C9F1A5054EF00C4768C /* Project object */;
}
